// !$*UTF8*$!
{
	archiveVersion = 1;
	classes = {
	};
	objectVersion = 56;
	objects = {

/* Begin PBXBuildFile section */
		43D540102C2FE9E000B51F53 /* AppDelegate.swift in Sources */ = {isa = PBXBuildFile; fileRef = 43D5400F2C2FE9E000B51F53 /* AppDelegate.swift */; };
		43D540122C2FE9E000B51F53 /* SceneDelegate.swift in Sources */ = {isa = PBXBuildFile; fileRef = 43D540112C2FE9E000B51F53 /* SceneDelegate.swift */; };
		43D540142C2FE9E000B51F53 /* ViewController.swift in Sources */ = {isa = PBXBuildFile; fileRef = 43D540132C2FE9E000B51F53 /* ViewController.swift */; };
		43D540172C2FE9E000B51F53 /* Base in Resources */ = {isa = PBXBuildFile; fileRef = 43D540162C2FE9E000B51F53 /* Base */; };
		43D540192C2FE9E100B51F53 /* Assets.xcassets in Resources */ = {isa = PBXBuildFile; fileRef = 43D540182C2FE9E100B51F53 /* Assets.xcassets */; };
		43D5401C2C2FE9E100B51F53 /* Base in Resources */ = {isa = PBXBuildFile; fileRef = 43D5401B2C2FE9E100B51F53 /* Base */; };
		43D540242C2FEB6B00B51F53 /* NavigationTabBarController.swift in Sources */ = {isa = PBXBuildFile; fileRef = 43D540232C2FEB6B00B51F53 /* NavigationTabBarController.swift */; };
		43D540272C2FECB000B51F53 /* PizzeriasListTableViewController.swift in Sources */ = {isa = PBXBuildFile; fileRef = 43D540262C2FECB000B51F53 /* PizzeriasListTableViewController.swift */; };
		43D540292C2FED1B00B51F53 /* PizzeriasListTableViewModel.swift in Sources */ = {isa = PBXBuildFile; fileRef = 43D540282C2FED1B00B51F53 /* PizzeriasListTableViewModel.swift */; };
		43D5402C2C2FF28B00B51F53 /* PizzasListTableViewController.swift in Sources */ = {isa = PBXBuildFile; fileRef = 43D5402B2C2FF28B00B51F53 /* PizzasListTableViewController.swift */; };
		43D5402E2C2FF2F300B51F53 /* PizzasListTableViewModel.swift in Sources */ = {isa = PBXBuildFile; fileRef = 43D5402D2C2FF2F300B51F53 /* PizzasListTableViewModel.swift */; };
		43D540312C2FF52B00B51F53 /* FavoritePizzasListTableViewController.swift in Sources */ = {isa = PBXBuildFile; fileRef = 43D540302C2FF52B00B51F53 /* FavoritePizzasListTableViewController.swift */; };
		43D540332C2FF5C100B51F53 /* FavoritePizzasListTableViewModel.swift in Sources */ = {isa = PBXBuildFile; fileRef = 43D540322C2FF5C100B51F53 /* FavoritePizzasListTableViewModel.swift */; };
		43D540352C2FF89A00B51F53 /* pizza-info.json in Resources */ = {isa = PBXBuildFile; fileRef = 43D540342C2FF89A00B51F53 /* pizza-info.json */; };
		43D540372C2FFD0F00B51F53 /* Pizza.swift in Sources */ = {isa = PBXBuildFile; fileRef = 43D540362C2FFD0F00B51F53 /* Pizza.swift */; };
		43D5403A2C300D0B00B51F53 /* IngredientsListTableViewController.swift in Sources */ = {isa = PBXBuildFile; fileRef = 43D540392C300D0B00B51F53 /* IngredientsListTableViewController.swift */; };
		43D5403C2C300D2F00B51F53 /* IngredientsListTableViewModel.swift in Sources */ = {isa = PBXBuildFile; fileRef = 43D5403B2C300D2F00B51F53 /* IngredientsListTableViewModel.swift */; };
/* End PBXBuildFile section */

/* Begin PBXFileReference section */
		43D5400C2C2FE9E000B51F53 /* PizzasAppOne.app */ = {isa = PBXFileReference; explicitFileType = wrapper.application; includeInIndex = 0; path = PizzasAppOne.app; sourceTree = BUILT_PRODUCTS_DIR; };
		43D5400F2C2FE9E000B51F53 /* AppDelegate.swift */ = {isa = PBXFileReference; lastKnownFileType = sourcecode.swift; path = AppDelegate.swift; sourceTree = "<group>"; };
		43D540112C2FE9E000B51F53 /* SceneDelegate.swift */ = {isa = PBXFileReference; lastKnownFileType = sourcecode.swift; path = SceneDelegate.swift; sourceTree = "<group>"; };
		43D540132C2FE9E000B51F53 /* ViewController.swift */ = {isa = PBXFileReference; lastKnownFileType = sourcecode.swift; path = ViewController.swift; sourceTree = "<group>"; };
		43D540162C2FE9E000B51F53 /* Base */ = {isa = PBXFileReference; lastKnownFileType = file.storyboard; name = Base; path = Base.lproj/Main.storyboard; sourceTree = "<group>"; };
		43D540182C2FE9E100B51F53 /* Assets.xcassets */ = {isa = PBXFileReference; lastKnownFileType = folder.assetcatalog; path = Assets.xcassets; sourceTree = "<group>"; };
		43D5401B2C2FE9E100B51F53 /* Base */ = {isa = PBXFileReference; lastKnownFileType = file.storyboard; name = Base; path = Base.lproj/LaunchScreen.storyboard; sourceTree = "<group>"; };
		43D5401D2C2FE9E100B51F53 /* Info.plist */ = {isa = PBXFileReference; lastKnownFileType = text.plist.xml; path = Info.plist; sourceTree = "<group>"; };
		43D540232C2FEB6B00B51F53 /* NavigationTabBarController.swift */ = {isa = PBXFileReference; lastKnownFileType = sourcecode.swift; path = NavigationTabBarController.swift; sourceTree = "<group>"; };
		43D540262C2FECB000B51F53 /* PizzeriasListTableViewController.swift */ = {isa = PBXFileReference; lastKnownFileType = sourcecode.swift; path = PizzeriasListTableViewController.swift; sourceTree = "<group>"; };
		43D540282C2FED1B00B51F53 /* PizzeriasListTableViewModel.swift */ = {isa = PBXFileReference; lastKnownFileType = sourcecode.swift; path = PizzeriasListTableViewModel.swift; sourceTree = "<group>"; };
		43D5402B2C2FF28B00B51F53 /* PizzasListTableViewController.swift */ = {isa = PBXFileReference; lastKnownFileType = sourcecode.swift; path = PizzasListTableViewController.swift; sourceTree = "<group>"; };
		43D5402D2C2FF2F300B51F53 /* PizzasListTableViewModel.swift */ = {isa = PBXFileReference; lastKnownFileType = sourcecode.swift; path = PizzasListTableViewModel.swift; sourceTree = "<group>"; };
		43D540302C2FF52B00B51F53 /* FavoritePizzasListTableViewController.swift */ = {isa = PBXFileReference; lastKnownFileType = sourcecode.swift; path = FavoritePizzasListTableViewController.swift; sourceTree = "<group>"; };
		43D540322C2FF5C100B51F53 /* FavoritePizzasListTableViewModel.swift */ = {isa = PBXFileReference; lastKnownFileType = sourcecode.swift; path = FavoritePizzasListTableViewModel.swift; sourceTree = "<group>"; };
		43D540342C2FF89A00B51F53 /* pizza-info.json */ = {isa = PBXFileReference; lastKnownFileType = text.json; path = "pizza-info.json"; sourceTree = "<group>"; };
		43D540362C2FFD0F00B51F53 /* Pizza.swift */ = {isa = PBXFileReference; lastKnownFileType = sourcecode.swift; path = Pizza.swift; sourceTree = "<group>"; };
		43D540392C300D0B00B51F53 /* IngredientsListTableViewController.swift */ = {isa = PBXFileReference; lastKnownFileType = sourcecode.swift; path = IngredientsListTableViewController.swift; sourceTree = "<group>"; };
		43D5403B2C300D2F00B51F53 /* IngredientsListTableViewModel.swift */ = {isa = PBXFileReference; lastKnownFileType = sourcecode.swift; path = IngredientsListTableViewModel.swift; sourceTree = "<group>"; };
/* End PBXFileReference section */

/* Begin PBXFrameworksBuildPhase section */
		43D540092C2FE9E000B51F53 /* Frameworks */ = {
			isa = PBXFrameworksBuildPhase;
			buildActionMask = 2147483647;
			files = (
			);
			runOnlyForDeploymentPostprocessing = 0;
		};
/* End PBXFrameworksBuildPhase section */

/* Begin PBXGroup section */
		43D540032C2FE9E000B51F53 = {
			isa = PBXGroup;
			children = (
				43D5400E2C2FE9E000B51F53 /* PizzasAppOne */,
				43D5400D2C2FE9E000B51F53 /* Products */,
			);
			sourceTree = "<group>";
		};
		43D5400D2C2FE9E000B51F53 /* Products */ = {
			isa = PBXGroup;
			children = (
				43D5400C2C2FE9E000B51F53 /* PizzasAppOne.app */,
			);
			name = Products;
			sourceTree = "<group>";
		};
		43D5400E2C2FE9E000B51F53 /* PizzasAppOne */ = {
			isa = PBXGroup;
			children = (
				43D540382C300CA500B51F53 /* IngredientsListTable */,
				43D5402F2C2FF48F00B51F53 /* FavoritePizzasListTable */,
				43D5402A2C2FF17200B51F53 /* PizzasListTable */,
				43D540252C2FEC1E00B51F53 /* PizzeriasListTable */,
				43D5400F2C2FE9E000B51F53 /* AppDelegate.swift */,
				43D540112C2FE9E000B51F53 /* SceneDelegate.swift */,
				43D540132C2FE9E000B51F53 /* ViewController.swift */,
				43D540152C2FE9E000B51F53 /* Main.storyboard */,
				43D540182C2FE9E100B51F53 /* Assets.xcassets */,
				43D5401A2C2FE9E100B51F53 /* LaunchScreen.storyboard */,
				43D5401D2C2FE9E100B51F53 /* Info.plist */,
				43D540232C2FEB6B00B51F53 /* NavigationTabBarController.swift */,
				43D540342C2FF89A00B51F53 /* pizza-info.json */,
				43D540362C2FFD0F00B51F53 /* Pizza.swift */,
			);
			path = PizzasAppOne;
			sourceTree = "<group>";
		};
		43D540252C2FEC1E00B51F53 /* PizzeriasListTable */ = {
			isa = PBXGroup;
			children = (
				43D540262C2FECB000B51F53 /* PizzeriasListTableViewController.swift */,
				43D540282C2FED1B00B51F53 /* PizzeriasListTableViewModel.swift */,
			);
			path = PizzeriasListTable;
			sourceTree = "<group>";
		};
		43D5402A2C2FF17200B51F53 /* PizzasListTable */ = {
			isa = PBXGroup;
			children = (
				43D5402B2C2FF28B00B51F53 /* PizzasListTableViewController.swift */,
				43D5402D2C2FF2F300B51F53 /* PizzasListTableViewModel.swift */,
			);
			path = PizzasListTable;
			sourceTree = "<group>";
		};
		43D5402F2C2FF48F00B51F53 /* FavoritePizzasListTable */ = {
			isa = PBXGroup;
			children = (
				43D540302C2FF52B00B51F53 /* FavoritePizzasListTableViewController.swift */,
				43D540322C2FF5C100B51F53 /* FavoritePizzasListTableViewModel.swift */,
			);
			path = FavoritePizzasListTable;
			sourceTree = "<group>";
		};
		43D540382C300CA500B51F53 /* IngredientsListTable */ = {
			isa = PBXGroup;
			children = (
				43D540392C300D0B00B51F53 /* IngredientsListTableViewController.swift */,
				43D5403B2C300D2F00B51F53 /* IngredientsListTableViewModel.swift */,
			);
			path = IngredientsListTable;
			sourceTree = "<group>";
		};
/* End PBXGroup section */

/* Begin PBXNativeTarget section */
		43D5400B2C2FE9E000B51F53 /* PizzasAppOne */ = {
			isa = PBXNativeTarget;
			buildConfigurationList = 43D540202C2FE9E100B51F53 /* Build configuration list for PBXNativeTarget "PizzasAppOne" */;
			buildPhases = (
				43D540082C2FE9E000B51F53 /* Sources */,
				43D540092C2FE9E000B51F53 /* Frameworks */,
				43D5400A2C2FE9E000B51F53 /* Resources */,
			);
			buildRules = (
			);
			dependencies = (
			);
			name = PizzasAppOne;
			productName = PizzasAppOne;
			productReference = 43D5400C2C2FE9E000B51F53 /* PizzasAppOne.app */;
			productType = "com.apple.product-type.application";
		};
/* End PBXNativeTarget section */

/* Begin PBXProject section */
		43D540042C2FE9E000B51F53 /* Project object */ = {
			isa = PBXProject;
			attributes = {
				BuildIndependentTargetsInParallel = 1;
				LastSwiftUpdateCheck = 1530;
				LastUpgradeCheck = 1530;
				TargetAttributes = {
					43D5400B2C2FE9E000B51F53 = {
						CreatedOnToolsVersion = 15.3;
					};
				};
			};
			buildConfigurationList = 43D540072C2FE9E000B51F53 /* Build configuration list for PBXProject "PizzasAppOne" */;
			compatibilityVersion = "Xcode 14.0";
			developmentRegion = en;
			hasScannedForEncodings = 0;
			knownRegions = (
				en,
				Base,
			);
			mainGroup = 43D540032C2FE9E000B51F53;
			productRefGroup = 43D5400D2C2FE9E000B51F53 /* Products */;
			projectDirPath = "";
			projectRoot = "";
			targets = (
				43D5400B2C2FE9E000B51F53 /* PizzasAppOne */,
			);
		};
/* End PBXProject section */

/* Begin PBXResourcesBuildPhase section */
		43D5400A2C2FE9E000B51F53 /* Resources */ = {
			isa = PBXResourcesBuildPhase;
			buildActionMask = 2147483647;
			files = (
				43D540192C2FE9E100B51F53 /* Assets.xcassets in Resources */,
				43D5401C2C2FE9E100B51F53 /* Base in Resources */,
				43D540352C2FF89A00B51F53 /* pizza-info.json in Resources */,
				43D540172C2FE9E000B51F53 /* Base in Resources */,
			);
			runOnlyForDeploymentPostprocessing = 0;
		};
/* End PBXResourcesBuildPhase section */

/* Begin PBXSourcesBuildPhase section */
		43D540082C2FE9E000B51F53 /* Sources */ = {
			isa = PBXSourcesBuildPhase;
			buildActionMask = 2147483647;
			files = (
				43D540142C2FE9E000B51F53 /* ViewController.swift in Sources */,
				43D5402C2C2FF28B00B51F53 /* PizzasListTableViewController.swift in Sources */,
				43D540332C2FF5C100B51F53 /* FavoritePizzasListTableViewModel.swift in Sources */,
				43D5402E2C2FF2F300B51F53 /* PizzasListTableViewModel.swift in Sources */,
				43D540272C2FECB000B51F53 /* PizzeriasListTableViewController.swift in Sources */,
				43D540312C2FF52B00B51F53 /* FavoritePizzasListTableViewController.swift in Sources */,
				43D5403A2C300D0B00B51F53 /* IngredientsListTableViewController.swift in Sources */,
				43D540292C2FED1B00B51F53 /* PizzeriasListTableViewModel.swift in Sources */,
				43D540102C2FE9E000B51F53 /* AppDelegate.swift in Sources */,
				43D540372C2FFD0F00B51F53 /* Pizza.swift in Sources */,
				43D5403C2C300D2F00B51F53 /* IngredientsListTableViewModel.swift in Sources */,
				43D540242C2FEB6B00B51F53 /* NavigationTabBarController.swift in Sources */,
				43D540122C2FE9E000B51F53 /* SceneDelegate.swift in Sources */,
			);
			runOnlyForDeploymentPostprocessing = 0;
		};
/* End PBXSourcesBuildPhase section */

/* Begin PBXVariantGroup section */
		43D540152C2FE9E000B51F53 /* Main.storyboard */ = {
			isa = PBXVariantGroup;
			children = (
				43D540162C2FE9E000B51F53 /* Base */,
			);
			name = Main.storyboard;
			sourceTree = "<group>";
		};
		43D5401A2C2FE9E100B51F53 /* LaunchScreen.storyboard */ = {
			isa = PBXVariantGroup;
			children = (
				43D5401B2C2FE9E100B51F53 /* Base */,
			);
			name = LaunchScreen.storyboard;
			sourceTree = "<group>";
		};
/* End PBXVariantGroup section */

/* Begin XCBuildConfiguration section */
		43D5401E2C2FE9E100B51F53 /* Debug */ = {
			isa = XCBuildConfiguration;
			buildSettings = {
				ALWAYS_SEARCH_USER_PATHS = NO;
				ASSETCATALOG_COMPILER_GENERATE_SWIFT_ASSET_SYMBOL_EXTENSIONS = YES;
				CLANG_ANALYZER_NONNULL = YES;
				CLANG_ANALYZER_NUMBER_OBJECT_CONVERSION = YES_AGGRESSIVE;
				CLANG_CXX_LANGUAGE_STANDARD = "gnu++20";
				CLANG_ENABLE_MODULES = YES;
				CLANG_ENABLE_OBJC_ARC = YES;
				CLANG_ENABLE_OBJC_WEAK = YES;
				CLANG_WARN_BLOCK_CAPTURE_AUTORELEASING = YES;
				CLANG_WARN_BOOL_CONVERSION = YES;
				CLANG_WARN_COMMA = YES;
				CLANG_WARN_CONSTANT_CONVERSION = YES;
				CLANG_WARN_DEPRECATED_OBJC_IMPLEMENTATIONS = YES;
				CLANG_WARN_DIRECT_OBJC_ISA_USAGE = YES_ERROR;
				CLANG_WARN_DOCUMENTATION_COMMENTS = YES;
				CLANG_WARN_EMPTY_BODY = YES;
				CLANG_WARN_ENUM_CONVERSION = YES;
				CLANG_WARN_INFINITE_RECURSION = YES;
				CLANG_WARN_INT_CONVERSION = YES;
				CLANG_WARN_NON_LITERAL_NULL_CONVERSION = YES;
				CLANG_WARN_OBJC_IMPLICIT_RETAIN_SELF = YES;
				CLANG_WARN_OBJC_LITERAL_CONVERSION = YES;
				CLANG_WARN_OBJC_ROOT_CLASS = YES_ERROR;
				CLANG_WARN_QUOTED_INCLUDE_IN_FRAMEWORK_HEADER = YES;
				CLANG_WARN_RANGE_LOOP_ANALYSIS = YES;
				CLANG_WARN_STRICT_PROTOTYPES = YES;
				CLANG_WARN_SUSPICIOUS_MOVE = YES;
				CLANG_WARN_UNGUARDED_AVAILABILITY = YES_AGGRESSIVE;
				CLANG_WARN_UNREACHABLE_CODE = YES;
				CLANG_WARN__DUPLICATE_METHOD_MATCH = YES;
				COPY_PHASE_STRIP = NO;
				DEBUG_INFORMATION_FORMAT = dwarf;
				ENABLE_STRICT_OBJC_MSGSEND = YES;
				ENABLE_TESTABILITY = YES;
				ENABLE_USER_SCRIPT_SANDBOXING = YES;
				GCC_C_LANGUAGE_STANDARD = gnu17;
				GCC_DYNAMIC_NO_PIC = NO;
				GCC_NO_COMMON_BLOCKS = YES;
				GCC_OPTIMIZATION_LEVEL = 0;
				GCC_PREPROCESSOR_DEFINITIONS = (
					"DEBUG=1",
					"$(inherited)",
				);
				GCC_WARN_64_TO_32_BIT_CONVERSION = YES;
				GCC_WARN_ABOUT_RETURN_TYPE = YES_ERROR;
				GCC_WARN_UNDECLARED_SELECTOR = YES;
				GCC_WARN_UNINITIALIZED_AUTOS = YES_AGGRESSIVE;
				GCC_WARN_UNUSED_FUNCTION = YES;
				GCC_WARN_UNUSED_VARIABLE = YES;
				IPHONEOS_DEPLOYMENT_TARGET = 17.4;
				LOCALIZATION_PREFERS_STRING_CATALOGS = YES;
				MTL_ENABLE_DEBUG_INFO = INCLUDE_SOURCE;
				MTL_FAST_MATH = YES;
				ONLY_ACTIVE_ARCH = YES;
				SDKROOT = iphoneos;
				SWIFT_ACTIVE_COMPILATION_CONDITIONS = "DEBUG $(inherited)";
				SWIFT_OPTIMIZATION_LEVEL = "-Onone";
			};
			name = Debug;
		};
		43D5401F2C2FE9E100B51F53 /* Release */ = {
			isa = XCBuildConfiguration;
			buildSettings = {
				ALWAYS_SEARCH_USER_PATHS = NO;
				ASSETCATALOG_COMPILER_GENERATE_SWIFT_ASSET_SYMBOL_EXTENSIONS = YES;
				CLANG_ANALYZER_NONNULL = YES;
				CLANG_ANALYZER_NUMBER_OBJECT_CONVERSION = YES_AGGRESSIVE;
				CLANG_CXX_LANGUAGE_STANDARD = "gnu++20";
				CLANG_ENABLE_MODULES = YES;
				CLANG_ENABLE_OBJC_ARC = YES;
				CLANG_ENABLE_OBJC_WEAK = YES;
				CLANG_WARN_BLOCK_CAPTURE_AUTORELEASING = YES;
				CLANG_WARN_BOOL_CONVERSION = YES;
				CLANG_WARN_COMMA = YES;
				CLANG_WARN_CONSTANT_CONVERSION = YES;
				CLANG_WARN_DEPRECATED_OBJC_IMPLEMENTATIONS = YES;
				CLANG_WARN_DIRECT_OBJC_ISA_USAGE = YES_ERROR;
				CLANG_WARN_DOCUMENTATION_COMMENTS = YES;
				CLANG_WARN_EMPTY_BODY = YES;
				CLANG_WARN_ENUM_CONVERSION = YES;
				CLANG_WARN_INFINITE_RECURSION = YES;
				CLANG_WARN_INT_CONVERSION = YES;
				CLANG_WARN_NON_LITERAL_NULL_CONVERSION = YES;
				CLANG_WARN_OBJC_IMPLICIT_RETAIN_SELF = YES;
				CLANG_WARN_OBJC_LITERAL_CONVERSION = YES;
				CLANG_WARN_OBJC_ROOT_CLASS = YES_ERROR;
				CLANG_WARN_QUOTED_INCLUDE_IN_FRAMEWORK_HEADER = YES;
				CLANG_WARN_RANGE_LOOP_ANALYSIS = YES;
				CLANG_WARN_STRICT_PROTOTYPES = YES;
				CLANG_WARN_SUSPICIOUS_MOVE = YES;
				CLANG_WARN_UNGUARDED_AVAILABILITY = YES_AGGRESSIVE;
				CLANG_WARN_UNREACHABLE_CODE = YES;
				CLANG_WARN__DUPLICATE_METHOD_MATCH = YES;
				COPY_PHASE_STRIP = NO;
				DEBUG_INFORMATION_FORMAT = "dwarf-with-dsym";
				ENABLE_NS_ASSERTIONS = NO;
				ENABLE_STRICT_OBJC_MSGSEND = YES;
				ENABLE_USER_SCRIPT_SANDBOXING = YES;
				GCC_C_LANGUAGE_STANDARD = gnu17;
				GCC_NO_COMMON_BLOCKS = YES;
				GCC_WARN_64_TO_32_BIT_CONVERSION = YES;
				GCC_WARN_ABOUT_RETURN_TYPE = YES_ERROR;
				GCC_WARN_UNDECLARED_SELECTOR = YES;
				GCC_WARN_UNINITIALIZED_AUTOS = YES_AGGRESSIVE;
				GCC_WARN_UNUSED_FUNCTION = YES;
				GCC_WARN_UNUSED_VARIABLE = YES;
				IPHONEOS_DEPLOYMENT_TARGET = 17.4;
				LOCALIZATION_PREFERS_STRING_CATALOGS = YES;
				MTL_ENABLE_DEBUG_INFO = NO;
				MTL_FAST_MATH = YES;
				SDKROOT = iphoneos;
				SWIFT_COMPILATION_MODE = wholemodule;
				VALIDATE_PRODUCT = YES;
			};
			name = Release;
		};
		43D540212C2FE9E100B51F53 /* Debug */ = {
			isa = XCBuildConfiguration;
			buildSettings = {
				ASSETCATALOG_COMPILER_APPICON_NAME = AppIcon;
				ASSETCATALOG_COMPILER_GLOBAL_ACCENT_COLOR_NAME = AccentColor;
				CODE_SIGN_STYLE = Automatic;
				CURRENT_PROJECT_VERSION = 1;
				GENERATE_INFOPLIST_FILE = YES;
				INFOPLIST_FILE = PizzasAppOne/Info.plist;
				INFOPLIST_KEY_UIApplicationSupportsIndirectInputEvents = YES;
				INFOPLIST_KEY_UILaunchStoryboardName = LaunchScreen;
				INFOPLIST_KEY_UIMainStoryboardFile = Main;
				INFOPLIST_KEY_UISupportedInterfaceOrientations_iPad = "UIInterfaceOrientationPortrait UIInterfaceOrientationPortraitUpsideDown UIInterfaceOrientationLandscapeLeft UIInterfaceOrientationLandscapeRight";
				INFOPLIST_KEY_UISupportedInterfaceOrientations_iPhone = "UIInterfaceOrientationPortrait UIInterfaceOrientationLandscapeLeft UIInterfaceOrientationLandscapeRight";
				LD_RUNPATH_SEARCH_PATHS = (
					"$(inherited)",
					"@executable_path/Frameworks",
				);
				MARKETING_VERSION = 1.0;
				PRODUCT_BUNDLE_IDENTIFIER = AngelLopez.PizzasAppOne;
				PRODUCT_NAME = "$(TARGET_NAME)";
				SUPPORTED_PLATFORMS = "iphoneos iphonesimulator";
				SUPPORTS_MACCATALYST = NO;
				SUPPORTS_MAC_DESIGNED_FOR_IPHONE_IPAD = NO;
				SUPPORTS_XR_DESIGNED_FOR_IPHONE_IPAD = NO;
				SWIFT_EMIT_LOC_STRINGS = YES;
				SWIFT_VERSION = 5.0;
				TARGETED_DEVICE_FAMILY = 1;
			};
			name = Debug;
		};
		43D540222C2FE9E100B51F53 /* Release */ = {
			isa = XCBuildConfiguration;
			buildSettings = {
				ASSETCATALOG_COMPILER_APPICON_NAME = AppIcon;
				ASSETCATALOG_COMPILER_GLOBAL_ACCENT_COLOR_NAME = AccentColor;
				CODE_SIGN_STYLE = Automatic;
				CURRENT_PROJECT_VERSION = 1;
				GENERATE_INFOPLIST_FILE = YES;
				INFOPLIST_FILE = PizzasAppOne/Info.plist;
				INFOPLIST_KEY_UIApplicationSupportsIndirectInputEvents = YES;
				INFOPLIST_KEY_UILaunchStoryboardName = LaunchScreen;
				INFOPLIST_KEY_UIMainStoryboardFile = Main;
				INFOPLIST_KEY_UISupportedInterfaceOrientations_iPad = "UIInterfaceOrientationPortrait UIInterfaceOrientationPortraitUpsideDown UIInterfaceOrientationLandscapeLeft UIInterfaceOrientationLandscapeRight";
				INFOPLIST_KEY_UISupportedInterfaceOrientations_iPhone = "UIInterfaceOrientationPortrait UIInterfaceOrientationLandscapeLeft UIInterfaceOrientationLandscapeRight";
				LD_RUNPATH_SEARCH_PATHS = (
					"$(inherited)",
					"@executable_path/Frameworks",
				);
				MARKETING_VERSION = 1.0;
				PRODUCT_BUNDLE_IDENTIFIER = AngelLopez.PizzasAppOne;
				PRODUCT_NAME = "$(TARGET_NAME)";
				SUPPORTED_PLATFORMS = "iphoneos iphonesimulator";
				SUPPORTS_MACCATALYST = NO;
				SUPPORTS_MAC_DESIGNED_FOR_IPHONE_IPAD = NO;
				SUPPORTS_XR_DESIGNED_FOR_IPHONE_IPAD = NO;
				SWIFT_EMIT_LOC_STRINGS = YES;
				SWIFT_VERSION = 5.0;
				TARGETED_DEVICE_FAMILY = 1;
			};
			name = Release;
		};
/* End XCBuildConfiguration section */

/* Begin XCConfigurationList section */
		43D540072C2FE9E000B51F53 /* Build configuration list for PBXProject "PizzasAppOne" */ = {
			isa = XCConfigurationList;
			buildConfigurations = (
				43D5401E2C2FE9E100B51F53 /* Debug */,
				43D5401F2C2FE9E100B51F53 /* Release */,
			);
			defaultConfigurationIsVisible = 0;
			defaultConfigurationName = Release;
		};
		43D540202C2FE9E100B51F53 /* Build configuration list for PBXNativeTarget "PizzasAppOne" */ = {
			isa = XCConfigurationList;
			buildConfigurations = (
				43D540212C2FE9E100B51F53 /* Debug */,
				43D540222C2FE9E100B51F53 /* Release */,
			);
			defaultConfigurationIsVisible = 0;
			defaultConfigurationName = Release;
		};
/* End XCConfigurationList section */
	};
	rootObject = 43D540042C2FE9E000B51F53 /* Project object */;
}
